# This file is automatically @generated by Cargo.
# It is not intended for manual editing.
[[package]]
name = "autocfg"
version = "1.0.1"
source = "registry+https://github.com/rust-lang/crates.io-index"
checksum = "cdb031dd78e28731d87d56cc8ffef4a8f36ca26c38fe2de700543e627f8a464a"

[[package]]
name = "bitflags"
version = "1.2.1"
source = "registry+https://github.com/rust-lang/crates.io-index"
checksum = "cf1de2fe8c75bc145a2f577add951f8134889b4795d47466a54a5c846d691693"

[[package]]
name = "bitvec"
version = "0.19.4"
source = "registry+https://github.com/rust-lang/crates.io-index"
checksum = "a7ba35e9565969edb811639dbebfe34edc0368e472c5018474c8eb2543397f81"
dependencies = [
 "funty",
 "radium",
 "tap",
 "wyz",
]

[[package]]
name = "cc"
version = "1.0.65"
source = "registry+https://github.com/rust-lang/crates.io-index"
checksum = "95752358c8f7552394baf48cd82695b345628ad3f170d607de3ca03b8dacca15"

[[package]]
name = "cfg-if"
version = "0.1.10"
source = "registry+https://github.com/rust-lang/crates.io-index"
checksum = "4785bdd1c96b2a846b2bd7cc02e86b6b3dbf14e7e53446c4f54c92a361040822"

[[package]]
name = "endian-type-rs"
version = "0.1.4"
source = "registry+https://github.com/rust-lang/crates.io-index"
checksum = "b6419a5c75e40011b9fe0174db3fe24006ab122fbe1b7e9cc5974b338a755c76"

[[package]]
name = "fallible-iterator"
version = "0.2.0"
source = "registry+https://github.com/rust-lang/crates.io-index"
checksum = "4443176a9f2c162692bd3d352d745ef9413eec5782a80d8fd6f8a1ac692a07f7"

[[package]]
name = "fdt-rs"
version = "0.4.2"
source = "registry+https://github.com/rust-lang/crates.io-index"
checksum = "89ea36ba3036e4a2c3d9d9e110f2e1b6a1d1afd869b1f875f6912cc17a60d972"
dependencies = [
 "endian-type-rs",
 "fallible-iterator",
 "memoffset",
 "num-derive",
 "num-traits",
 "rustc_version",
 "static_assertions",
 "unsafe_unwrap",
]

[[package]]
name = "fidget_spinner"
version = "0.1.0"

[[package]]
name = "funty"
version = "1.0.1"
source = "registry+https://github.com/rust-lang/crates.io-index"
checksum = "0ba62103ce691c2fd80fbae2213dfdda9ce60804973ac6b6e97de818ea7f52c8"

[[package]]
name = "hexdump"
version = "0.1.0"

[[package]]
name = "kern"
version = "0.1.0"
dependencies = [
 "bitvec",
 "cc",
 "fdt-rs",
 "fidget_spinner",
 "log",
 "microflop",
 "riscv_paging",
 "typesafe_ints",
]

[[package]]
name = "log"
version = "0.4.11"
source = "registry+https://github.com/rust-lang/crates.io-index"
checksum = "4fabed175da42fed1fa0746b0ea71f412aa9d35e76e95e59b192c64b9dc2bf8b"
dependencies = [
 "cfg-if",
]

[[package]]
name = "memoffset"
version = "0.5.6"
source = "registry+https://github.com/rust-lang/crates.io-index"
checksum = "043175f069eda7b85febe4a74abbaeff828d9f8b448515d3151a14a3542811aa"
dependencies = [
 "autocfg",
]

[[package]]
name = "microflop"
version = "0.1.0"
dependencies = [
 "fallible-iterator",
 "hexdump",
 "static_assertions",
 "typesafe_ints",
]

[[package]]
name = "num-derive"
version = "0.3.3"
source = "registry+https://github.com/rust-lang/crates.io-index"
checksum = "876a53fff98e03a936a674b29568b0e605f06b29372c2489ff4de23f1949743d"
dependencies = [
 "proc-macro2",
 "quote",
 "syn",
]

[[package]]
name = "num-traits"
version = "0.2.14"
source = "registry+https://github.com/rust-lang/crates.io-index"
checksum = "9a64b1ec5cda2586e284722486d802acf1f7dbdc623e2bfc57e65ca1cd099290"
dependencies = [
 "autocfg",
]

[[package]]
name = "proc-macro2"
version = "1.0.24"
source = "registry+https://github.com/rust-lang/crates.io-index"
checksum = "1e0704ee1a7e00d7bb417d0770ea303c1bccbabf0ef1667dae92b5967f5f8a71"
dependencies = [
 "unicode-xid",
]

[[package]]
name = "quote"
version = "1.0.8"
source = "registry+https://github.com/rust-lang/crates.io-index"
checksum = "991431c3519a3f36861882da93630ce66b52918dcf1b8e2fd66b397fc96f28df"
dependencies = [
 "proc-macro2",
]

[[package]]
name = "radium"
version = "0.5.3"
source = "registry+https://github.com/rust-lang/crates.io-index"
checksum = "941ba9d78d8e2f7ce474c015eea4d9c6d25b6a3327f9832ee29a4de27f91bbb8"

[[package]]
name = "riscv_paging"
version = "0.1.0"
dependencies = [
 "bitflags",
 "bitvec",
 "fidget_spinner",
]

[[package]]
name = "rustc_version"
version = "0.2.3"
source = "registry+https://github.com/rust-lang/crates.io-index"
checksum = "138e3e0acb6c9fb258b19b67cb8abd63c00679d2851805ea151465464fe9030a"
dependencies = [
 "semver",
]

[[package]]
name = "semver"
version = "0.9.0"
source = "registry+https://github.com/rust-lang/crates.io-index"
checksum = "1d7eb9ef2c18661902cc47e535f9bc51b78acd254da71d375c2f6720d9a40403"
dependencies = [
 "semver-parser",
]

[[package]]
name = "semver-parser"
version = "0.7.0"
source = "registry+https://github.com/rust-lang/crates.io-index"
checksum = "388a1df253eca08550bef6c72392cfe7c30914bf41df5269b68cbd6ff8f570a3"

[[package]]
name = "static_assertions"
version = "1.1.0"
source = "registry+https://github.com/rust-lang/crates.io-index"
checksum = "a2eb9349b6444b326872e140eb1cf5e7c522154d69e7a0ffb0fb81c06b37543f"

[[package]]
name = "syn"
version = "1.0.56"
source = "registry+https://github.com/rust-lang/crates.io-index"
checksum = "a9802ddde94170d186eeee5005b798d9c159fa970403f1be19976d0cfb939b72"
dependencies = [
 "proc-macro2",
 "quote",
 "unicode-xid",
]

[[package]]
name = "tap"
version = "1.0.0"
source = "registry+https://github.com/rust-lang/crates.io-index"
checksum = "36474e732d1affd3a6ed582781b3683df3d0563714c59c39591e8ff707cf078e"

[[package]]
name = "typesafe_ints"
version = "0.1.0"

[[package]]
name = "unicode-xid"
version = "0.2.1"
source = "registry+https://github.com/rust-lang/crates.io-index"
checksum = "f7fe0bb3479651439c9112f72b6c505038574c9fbb575ed1bf3b797fa39dd564"

[[package]]
name = "unsafe_unwrap"
version = "0.1.0"
source = "registry+https://github.com/rust-lang/crates.io-index"
checksum = "1230ec65f13e0f9b28d789da20d2d419511893ea9dac2c1f4ef67b8b14e5da80"

[[package]]
name = "wyz"
version = "0.2.0"
source = "registry+https://github.com/rust-lang/crates.io-index"
checksum = "85e60b0d1b5f99db2556934e21937020776a5d31520bf169e851ac44e6420214"
